
Microsoft Visual Studio Solution File, Format Version 12.00
# Visual Studio Version 17
VisualStudioVersion = 17.3.32901.215
MinimumVisualStudioVersion = 10.0.40219.1
Project("{FAE04EC0-301F-11D3-BF4B-00C04F79EFBC}") = "Movies.API", "Movies.API\Movies.API.csproj", "{5254AED7-4571-4736-BCB2-F52E7F0EA974}"
EndProject
Project("{FAE04EC0-301F-11D3-BF4B-00C04F79EFBC}") = "IdentityServer", "IdentityServer\IdentityServer.csproj", "{724806EC-D8FB-490A-BF57-5A75FF0037E1}"
EndProject
Project("{FAE04EC0-301F-11D3-BF4B-00C04F79EFBC}") = "Movies.Client", "Movies.Client\Movies.Client.csproj", "{7A401454-AFDF-4484-B320-D28E8FE7A7CA}"
EndProject
Project("{FAE04EC0-301F-11D3-BF4B-00C04F79EFBC}") = "ApiGateway", "ApiGateway\ApiGateway.csproj", "{70F6D48D-7AE5-4CA6-ACC7-A7B5295DD4C7}"
EndProject
Global
	GlobalSection(SolutionConfigurationPlatforms) = preSolution
		Debug|Any CPU = Debug|Any CPU
		Release|Any CPU = Release|Any CPU
	EndGlobalSection
	GlobalSection(ProjectConfigurationPlatforms) = postSolution
		{5254AED7-4571-4736-BCB2-F52E7F0EA974}.Debug|Any CPU.ActiveCfg = Debug|Any CPU
		{5254AED7-4571-4736-BCB2-F52E7F0EA974}.Debug|Any CPU.Build.0 = Debug|Any CPU
		{5254AED7-4571-4736-BCB2-F52E7F0EA974}.Release|Any CPU.ActiveCfg = Release|Any CPU
		{5254AED7-4571-4736-BCB2-F52E7F0EA974}.Release|Any CPU.Build.0 = Release|Any CPU
		{724806EC-D8FB-490A-BF57-5A75FF0037E1}.Debug|Any CPU.ActiveCfg = Debug|Any CPU
		{724806EC-D8FB-490A-BF57-5A75FF0037E1}.Debug|Any CPU.Build.0 = Debug|Any CPU
		{724806EC-D8FB-490A-BF57-5A75FF0037E1}.Release|Any CPU.ActiveCfg = Release|Any CPU
		{724806EC-D8FB-490A-BF57-5A75FF0037E1}.Release|Any CPU.Build.0 = Release|Any CPU
		{7A401454-AFDF-4484-B320-D28E8FE7A7CA}.Debug|Any CPU.ActiveCfg = Debug|Any CPU
		{7A401454-AFDF-4484-B320-D28E8FE7A7CA}.Debug|Any CPU.Build.0 = Debug|Any CPU
		{7A401454-AFDF-4484-B320-D28E8FE7A7CA}.Release|Any CPU.ActiveCfg = Release|Any CPU
		{7A401454-AFDF-4484-B320-D28E8FE7A7CA}.Release|Any CPU.Build.0 = Release|Any CPU
		{70F6D48D-7AE5-4CA6-ACC7-A7B5295DD4C7}.Debug|Any CPU.ActiveCfg = Debug|Any CPU
		{70F6D48D-7AE5-4CA6-ACC7-A7B5295DD4C7}.Debug|Any CPU.Build.0 = Debug|Any CPU
		{70F6D48D-7AE5-4CA6-ACC7-A7B5295DD4C7}.Release|Any CPU.ActiveCfg = Release|Any CPU
		{70F6D48D-7AE5-4CA6-ACC7-A7B5295DD4C7}.Release|Any CPU.Build.0 = Release|Any CPU
	EndGlobalSection
	GlobalSection(SolutionProperties) = preSolution
		HideSolutionNode = FALSE
	EndGlobalSection
	GlobalSection(ExtensibilityGlobals) = postSolution
		SolutionGuid = {121E98F6-2DDA-4A3E-B0F7-21AD201E17EB}
	EndGlobalSection
EndGlobal
